
Microsoft Visual Studio Solution File, Format Version 12.00
# Visual Studio Version 17
VisualStudioVersion = 17.9.34622.214
MinimumVisualStudioVersion = 10.0.40219.1
Project("{FAE04EC0-301F-11D3-BF4B-00C04F79EFBC}") = "Recipe App", "Recipe App\Recipe App.csproj", "{BACED768-3CDD-44DC-9DC0-10D50FCB8884}"
EndProject
Global
	GlobalSection(SolutionConfigurationPlatforms) = preSolution
		Debug|Any CPU = Debug|Any CPU
		Release|Any CPU = Release|Any CPU
	EndGlobalSection
	GlobalSection(ProjectConfigurationPlatforms) = postSolution
		{BACED768-3CDD-44DC-9DC0-10D50FCB8884}.Debug|Any CPU.ActiveCfg = Debug|Any CPU
		{BACED768-3CDD-44DC-9DC0-10D50FCB8884}.Debug|Any CPU.Build.0 = Debug|Any CPU
		{BACED768-3CDD-44DC-9DC0-10D50FCB8884}.Release|Any CPU.ActiveCfg = Release|Any CPU
		{BACED768-3CDD-44DC-9DC0-10D50FCB8884}.Release|Any CPU.Build.0 = Release|Any CPU
	EndGlobalSection
	GlobalSection(SolutionProperties) = preSolution
		HideSolutionNode = FALSE
	EndGlobalSection
	GlobalSection(ExtensibilityGlobals) = postSolution
		SolutionGuid = {9469FC61-F548-4A33-8AB1-521156DC544E}
	EndGlobalSection
EndGlobal
